PODS:
  - Alamofire (4.3.0)
  - AlamofireObjectMapper (4.1.0):
    - Alamofire (~> 4.1)
    - ObjectMapper (~> 2.0)
  - ObjectMapper (2.2.3)

DEPENDENCIES:
  - Alamofire (~> 4.3)
  - AlamofireObjectMapper (~> 4.0)
  - ObjectMapper (~> 2.2)

SPEC CHECKSUMS:
  Alamofire: 856a113053a7bc9cbe5d6367a555d773fc5cfef7
  AlamofireObjectMapper: 435adc82f5b367679bd9e71c4974a54efd0b2521
  ObjectMapper: d3b3de11267f5d971f390eb8d63dd509116a4329

PODFILE CHECKSUM: c8687e70db52f67be51690b4d5a2e2526a917f99

COCOAPODS: 1.2.0
